
Microsoft Visual Studio Solution File, Format Version 12.00
# Visual Studio Version 17
VisualStudioVersion = 17.4.33213.308
MinimumVisualStudioVersion = 10.0.40219.1
Project("{FAE04EC0-301F-11D3-BF4B-00C04F79EFBC}") = "UnitTestProject", "UnitTestProject\UnitTestProject.csproj", "{B191D5FB-8A74-456F-A029-E51E0F8D4285}"
EndProject
Project("{2150E333-8FDC-42A3-9474-1A3956D46DE8}") = "Agv.Application", "Agv.Application", "{EF66AE6B-432B-41A4-9F17-F8D38838D75A}"
EndProject
Project("{2150E333-8FDC-42A3-9474-1A3956D46DE8}") = "Agv.Test", "Agv.Test", "{726E2997-2C79-4E75-991E-A9C19BC56D25}"
EndProject
Project("{2150E333-8FDC-42A3-9474-1A3956D46DE8}") = "Agv.Framework", "Agv.Framework", "{D3F73C70-DC92-4DBA-A505-E14EB13F581A}"
EndProject
Project("{2150E333-8FDC-42A3-9474-1A3956D46DE8}") = "Agv.Core", "Agv.Core", "{7CDC06B8-A43A-4DAC-A2BE-1512E409F853}"
EndProject
Project("{FAE04EC0-301F-11D3-BF4B-00C04F79EFBC}") = "Quectel.Agv", "Quectel.Agv\Quectel.Agv.csproj", "{AB1C729F-600C-4A2F-B5C3-368A672D3ECC}"
EndProject
Project("{FAE04EC0-301F-11D3-BF4B-00C04F79EFBC}") = "Quectel.Agv.Domain", "Quectel.Agv.Domain\Quectel.Agv.Domain.csproj", "{BC5B3FE0-5F06-4B48-B791-2CD2460CF490}"
EndProject
Project("{FAE04EC0-301F-11D3-BF4B-00C04F79EFBC}") = "Quectel.Agv.HttpService", "Quectel.Agv.HttpService\Quectel.Agv.HttpService.csproj", "{36ED2B65-A2F9-4EFD-A230-C78ADD0AE9EB}"
EndProject
Project("{FAE04EC0-301F-11D3-BF4B-00C04F79EFBC}") = "Quectel.Agv.HttpServiceHost", "Quectel.Agv.HttpServiceHost\Quectel.Agv.HttpServiceHost.csproj", "{DB9428AE-77B4-4D12-8E4D-07E299AE5919}"
EndProject
Project("{FAE04EC0-301F-11D3-BF4B-00C04F79EFBC}") = "Quectel.Agv.Infrastructure", "Quectel.Agv.Infrastructure\Quectel.Agv.Infrastructure.csproj", "{AF54E19E-A644-4E05-A148-418FD5153E7D}"
EndProject
Project("{FAE04EC0-301F-11D3-BF4B-00C04F79EFBC}") = "Quectel.Agv.Tasks", "Quectel.Agv.Tasks\Quectel.Agv.Tasks.csproj", "{68ACF38E-79BD-4D29-8EFA-2744E270E20D}"
EndProject
Project("{FAE04EC0-301F-11D3-BF4B-00C04F79EFBC}") = "Quectel.Agv.CommonView", "Quectel.Agv.CommonView\Quectel.Agv.CommonView.csproj", "{8A61151D-1E90-4669-9CEF-8CC018496D1E}"
EndProject
Project("{FAE04EC0-301F-11D3-BF4B-00C04F79EFBC}") = "Quectel.Agv.Communication", "Quectel.Agv.Communication\Quectel.Agv.Communication.csproj", "{874A06AE-6D4D-48FD-887F-DDA9BE979F0A}"
EndProject
Project("{FAE04EC0-301F-11D3-BF4B-00C04F79EFBC}") = "Quectel.Agv.Entity", "Quectel.Agv.Entity\Quectel.Agv.Entity.csproj", "{6FBD900F-C309-4E12-8AF7-960BB8250247}"
EndProject
Project("{FAE04EC0-301F-11D3-BF4B-00C04F79EFBC}") = "Quectel.Agv.Repository", "Quectel.Agv.Repository\Quectel.Agv.Repository.csproj", "{E4831633-B3F6-4F0A-B90F-296833E3B6AD}"
EndProject
Project("{FAE04EC0-301F-11D3-BF4B-00C04F79EFBC}") = "Quectel.Agv.Service", "Quectel.Agv.Service\Quectel.Agv.Service.csproj", "{F4E77877-1E73-405A-B3F6-9AD44E51DE55}"
EndProject
Project("{FAE04EC0-301F-11D3-BF4B-00C04F79EFBC}") = "Quectel.Agv.Utils", "Quectel.Agv.Utils\Quectel.Agv.Utils.csproj", "{97BF46E9-2ADA-4D13-80DE-EA66F4C1BCB3}"
EndProject
Project("{FAE04EC0-301F-11D3-BF4B-00C04F79EFBC}") = "Quectel.Agv.Framework", "Quectel.Agv.Framework\Quectel.Agv.Framework.csproj", "{CEA0295B-3328-4C76-8957-693BAD93C84A}"
EndProject
Project("{FAE04EC0-301F-11D3-BF4B-00C04F79EFBC}") = "Quectel.Agv.TestModule", "Quectel.Agv.TestModule\Quectel.Agv.TestModule.csproj", "{6DE626F2-EAB1-4144-BDF9-ADD5F9DC41B4}"
EndProject
Global
	GlobalSection(SolutionConfigurationPlatforms) = preSolution
		Debug|Any CPU = Debug|Any CPU
		Debug|x64 = Debug|x64
		Release|Any CPU = Release|Any CPU
		Release|x64 = Release|x64
	EndGlobalSection
	GlobalSection(ProjectConfigurationPlatforms) = postSolution
		{B191D5FB-8A74-456F-A029-E51E0F8D4285}.Debug|Any CPU.ActiveCfg = Debug|Any CPU
		{B191D5FB-8A74-456F-A029-E51E0F8D4285}.Debug|Any CPU.Build.0 = Debug|Any CPU
		{B191D5FB-8A74-456F-A029-E51E0F8D4285}.Debug|x64.ActiveCfg = Debug|x64
		{B191D5FB-8A74-456F-A029-E51E0F8D4285}.Debug|x64.Build.0 = Debug|x64
		{B191D5FB-8A74-456F-A029-E51E0F8D4285}.Release|Any CPU.ActiveCfg = Release|Any CPU
		{B191D5FB-8A74-456F-A029-E51E0F8D4285}.Release|Any CPU.Build.0 = Release|Any CPU
		{B191D5FB-8A74-456F-A029-E51E0F8D4285}.Release|x64.ActiveCfg = Release|x64
		{B191D5FB-8A74-456F-A029-E51E0F8D4285}.Release|x64.Build.0 = Release|x64
		{AB1C729F-600C-4A2F-B5C3-368A672D3ECC}.Debug|Any CPU.ActiveCfg = Debug|Any CPU
		{AB1C729F-600C-4A2F-B5C3-368A672D3ECC}.Debug|Any CPU.Build.0 = Debug|Any CPU
		{AB1C729F-600C-4A2F-B5C3-368A672D3ECC}.Debug|x64.ActiveCfg = Debug|x64
		{AB1C729F-600C-4A2F-B5C3-368A672D3ECC}.Debug|x64.Build.0 = Debug|x64
		{AB1C729F-600C-4A2F-B5C3-368A672D3ECC}.Release|Any CPU.ActiveCfg = Release|Any CPU
		{AB1C729F-600C-4A2F-B5C3-368A672D3ECC}.Release|Any CPU.Build.0 = Release|Any CPU
		{AB1C729F-600C-4A2F-B5C3-368A672D3ECC}.Release|x64.ActiveCfg = Release|x64
		{AB1C729F-600C-4A2F-B5C3-368A672D3ECC}.Release|x64.Build.0 = Release|x64
		{BC5B3FE0-5F06-4B48-B791-2CD2460CF490}.Debug|Any CPU.ActiveCfg = Debug|Any CPU
		{BC5B3FE0-5F06-4B48-B791-2CD2460CF490}.Debug|Any CPU.Build.0 = Debug|Any CPU
		{BC5B3FE0-5F06-4B48-B791-2CD2460CF490}.Debug|x64.ActiveCfg = Debug|x64
		{BC5B3FE0-5F06-4B48-B791-2CD2460CF490}.Debug|x64.Build.0 = Debug|x64
		{BC5B3FE0-5F06-4B48-B791-2CD2460CF490}.Release|Any CPU.ActiveCfg = Release|Any CPU
		{BC5B3FE0-5F06-4B48-B791-2CD2460CF490}.Release|Any CPU.Build.0 = Release|Any CPU
		{BC5B3FE0-5F06-4B48-B791-2CD2460CF490}.Release|x64.ActiveCfg = Release|x64
		{BC5B3FE0-5F06-4B48-B791-2CD2460CF490}.Release|x64.Build.0 = Release|x64
		{36ED2B65-A2F9-4EFD-A230-C78ADD0AE9EB}.Debug|Any CPU.ActiveCfg = Debug|Any CPU
		{36ED2B65-A2F9-4EFD-A230-C78ADD0AE9EB}.Debug|Any CPU.Build.0 = Debug|Any CPU
		{36ED2B65-A2F9-4EFD-A230-C78ADD0AE9EB}.Debug|x64.ActiveCfg = Debug|x64
		{36ED2B65-A2F9-4EFD-A230-C78ADD0AE9EB}.Debug|x64.Build.0 = Debug|x64
		{36ED2B65-A2F9-4EFD-A230-C78ADD0AE9EB}.Release|Any CPU.ActiveCfg = Release|Any CPU
		{36ED2B65-A2F9-4EFD-A230-C78ADD0AE9EB}.Release|Any CPU.Build.0 = Release|Any CPU
		{36ED2B65-A2F9-4EFD-A230-C78ADD0AE9EB}.Release|x64.ActiveCfg = Release|x64
		{36ED2B65-A2F9-4EFD-A230-C78ADD0AE9EB}.Release|x64.Build.0 = Release|x64
		{DB9428AE-77B4-4D12-8E4D-07E299AE5919}.Debug|Any CPU.ActiveCfg = Debug|Any CPU
		{DB9428AE-77B4-4D12-8E4D-07E299AE5919}.Debug|Any CPU.Build.0 = Debug|Any CPU
		{DB9428AE-77B4-4D12-8E4D-07E299AE5919}.Debug|x64.ActiveCfg = Debug|x64
		{DB9428AE-77B4-4D12-8E4D-07E299AE5919}.Debug|x64.Build.0 = Debug|x64
		{DB9428AE-77B4-4D12-8E4D-07E299AE5919}.Release|Any CPU.ActiveCfg = Release|Any CPU
		{DB9428AE-77B4-4D12-8E4D-07E299AE5919}.Release|Any CPU.Build.0 = Release|Any CPU
		{DB9428AE-77B4-4D12-8E4D-07E299AE5919}.Release|x64.ActiveCfg = Release|x64
		{DB9428AE-77B4-4D12-8E4D-07E299AE5919}.Release|x64.Build.0 = Release|x64
		{AF54E19E-A644-4E05-A148-418FD5153E7D}.Debug|Any CPU.ActiveCfg = Debug|Any CPU
		{AF54E19E-A644-4E05-A148-418FD5153E7D}.Debug|Any CPU.Build.0 = Debug|Any CPU
		{AF54E19E-A644-4E05-A148-418FD5153E7D}.Debug|x64.ActiveCfg = Debug|x64
		{AF54E19E-A644-4E05-A148-418FD5153E7D}.Debug|x64.Build.0 = Debug|x64
		{AF54E19E-A644-4E05-A148-418FD5153E7D}.Release|Any CPU.ActiveCfg = Release|Any CPU
		{AF54E19E-A644-4E05-A148-418FD5153E7D}.Release|Any CPU.Build.0 = Release|Any CPU
		{AF54E19E-A644-4E05-A148-418FD5153E7D}.Release|x64.ActiveCfg = Release|x64
		{AF54E19E-A644-4E05-A148-418FD5153E7D}.Release|x64.Build.0 = Release|x64
		{68ACF38E-79BD-4D29-8EFA-2744E270E20D}.Debug|Any CPU.ActiveCfg = Debug|Any CPU
		{68ACF38E-79BD-4D29-8EFA-2744E270E20D}.Debug|Any CPU.Build.0 = Debug|Any CPU
		{68ACF38E-79BD-4D29-8EFA-2744E270E20D}.Debug|x64.ActiveCfg = Debug|x64
		{68ACF38E-79BD-4D29-8EFA-2744E270E20D}.Debug|x64.Build.0 = Debug|x64
		{68ACF38E-79BD-4D29-8EFA-2744E270E20D}.Release|Any CPU.ActiveCfg = Release|Any CPU
		{68ACF38E-79BD-4D29-8EFA-2744E270E20D}.Release|Any CPU.Build.0 = Release|Any CPU
		{68ACF38E-79BD-4D29-8EFA-2744E270E20D}.Release|x64.ActiveCfg = Release|x64
		{68ACF38E-79BD-4D29-8EFA-2744E270E20D}.Release|x64.Build.0 = Release|x64
		{8A61151D-1E90-4669-9CEF-8CC018496D1E}.Debug|Any CPU.ActiveCfg = Debug|Any CPU
		{8A61151D-1E90-4669-9CEF-8CC018496D1E}.Debug|Any CPU.Build.0 = Debug|Any CPU
		{8A61151D-1E90-4669-9CEF-8CC018496D1E}.Debug|x64.ActiveCfg = Debug|x64
		{8A61151D-1E90-4669-9CEF-8CC018496D1E}.Debug|x64.Build.0 = Debug|x64
		{8A61151D-1E90-4669-9CEF-8CC018496D1E}.Release|Any CPU.ActiveCfg = Release|Any CPU
		{8A61151D-1E90-4669-9CEF-8CC018496D1E}.Release|Any CPU.Build.0 = Release|Any CPU
		{8A61151D-1E90-4669-9CEF-8CC018496D1E}.Release|x64.ActiveCfg = Release|x64
		{8A61151D-1E90-4669-9CEF-8CC018496D1E}.Release|x64.Build.0 = Release|x64
		{874A06AE-6D4D-48FD-887F-DDA9BE979F0A}.Debug|Any CPU.ActiveCfg = Debug|Any CPU
		{874A06AE-6D4D-48FD-887F-DDA9BE979F0A}.Debug|Any CPU.Build.0 = Debug|Any CPU
		{874A06AE-6D4D-48FD-887F-DDA9BE979F0A}.Debug|x64.ActiveCfg = Debug|x64
		{874A06AE-6D4D-48FD-887F-DDA9BE979F0A}.Debug|x64.Build.0 = Debug|x64
		{874A06AE-6D4D-48FD-887F-DDA9BE979F0A}.Release|Any CPU.ActiveCfg = Release|Any CPU
		{874A06AE-6D4D-48FD-887F-DDA9BE979F0A}.Release|Any CPU.Build.0 = Release|Any CPU
		{874A06AE-6D4D-48FD-887F-DDA9BE979F0A}.Release|x64.ActiveCfg = Release|x64
		{874A06AE-6D4D-48FD-887F-DDA9BE979F0A}.Release|x64.Build.0 = Release|x64
		{6FBD900F-C309-4E12-8AF7-960BB8250247}.Debug|Any CPU.ActiveCfg = Debug|Any CPU
		{6FBD900F-C309-4E12-8AF7-960BB8250247}.Debug|Any CPU.Build.0 = Debug|Any CPU
		{6FBD900F-C309-4E12-8AF7-960BB8250247}.Debug|x64.ActiveCfg = Debug|x64
		{6FBD900F-C309-4E12-8AF7-960BB8250247}.Debug|x64.Build.0 = Debug|x64
		{6FBD900F-C309-4E12-8AF7-960BB8250247}.Release|Any CPU.ActiveCfg = Release|Any CPU
		{6FBD900F-C309-4E12-8AF7-960BB8250247}.Release|Any CPU.Build.0 = Release|Any CPU
		{6FBD900F-C309-4E12-8AF7-960BB8250247}.Release|x64.ActiveCfg = Release|x64
		{6FBD900F-C309-4E12-8AF7-960BB8250247}.Release|x64.Build.0 = Release|x64
		{E4831633-B3F6-4F0A-B90F-296833E3B6AD}.Debug|Any CPU.ActiveCfg = Debug|Any CPU
		{E4831633-B3F6-4F0A-B90F-296833E3B6AD}.Debug|Any CPU.Build.0 = Debug|Any CPU
		{E4831633-B3F6-4F0A-B90F-296833E3B6AD}.Debug|x64.ActiveCfg = Debug|x64
		{E4831633-B3F6-4F0A-B90F-296833E3B6AD}.Debug|x64.Build.0 = Debug|x64
		{E4831633-B3F6-4F0A-B90F-296833E3B6AD}.Release|Any CPU.ActiveCfg = Release|Any CPU
		{E4831633-B3F6-4F0A-B90F-296833E3B6AD}.Release|Any CPU.Build.0 = Release|Any CPU
		{E4831633-B3F6-4F0A-B90F-296833E3B6AD}.Release|x64.ActiveCfg = Release|x64
		{E4831633-B3F6-4F0A-B90F-296833E3B6AD}.Release|x64.Build.0 = Release|x64
		{F4E77877-1E73-405A-B3F6-9AD44E51DE55}.Debug|Any CPU.ActiveCfg = Debug|Any CPU
		{F4E77877-1E73-405A-B3F6-9AD44E51DE55}.Debug|Any CPU.Build.0 = Debug|Any CPU
		{F4E77877-1E73-405A-B3F6-9AD44E51DE55}.Debug|x64.ActiveCfg = Debug|x64
		{F4E77877-1E73-405A-B3F6-9AD44E51DE55}.Debug|x64.Build.0 = Debug|x64
		{F4E77877-1E73-405A-B3F6-9AD44E51DE55}.Release|Any CPU.ActiveCfg = Release|Any CPU
		{F4E77877-1E73-405A-B3F6-9AD44E51DE55}.Release|Any CPU.Build.0 = Release|Any CPU
		{F4E77877-1E73-405A-B3F6-9AD44E51DE55}.Release|x64.ActiveCfg = Release|x64
		{F4E77877-1E73-405A-B3F6-9AD44E51DE55}.Release|x64.Build.0 = Release|x64
		{97BF46E9-2ADA-4D13-80DE-EA66F4C1BCB3}.Debug|Any CPU.ActiveCfg = Debug|Any CPU
		{97BF46E9-2ADA-4D13-80DE-EA66F4C1BCB3}.Debug|Any CPU.Build.0 = Debug|Any CPU
		{97BF46E9-2ADA-4D13-80DE-EA66F4C1BCB3}.Debug|x64.ActiveCfg = Debug|x64
		{97BF46E9-2ADA-4D13-80DE-EA66F4C1BCB3}.Debug|x64.Build.0 = Debug|x64
		{97BF46E9-2ADA-4D13-80DE-EA66F4C1BCB3}.Release|Any CPU.ActiveCfg = Release|Any CPU
		{97BF46E9-2ADA-4D13-80DE-EA66F4C1BCB3}.Release|Any CPU.Build.0 = Release|Any CPU
		{97BF46E9-2ADA-4D13-80DE-EA66F4C1BCB3}.Release|x64.ActiveCfg = Release|x64
		{97BF46E9-2ADA-4D13-80DE-EA66F4C1BCB3}.Release|x64.Build.0 = Release|x64
		{CEA0295B-3328-4C76-8957-693BAD93C84A}.Debug|Any CPU.ActiveCfg = Debug|Any CPU
		{CEA0295B-3328-4C76-8957-693BAD93C84A}.Debug|Any CPU.Build.0 = Debug|Any CPU
		{CEA0295B-3328-4C76-8957-693BAD93C84A}.Debug|x64.ActiveCfg = Debug|x64
		{CEA0295B-3328-4C76-8957-693BAD93C84A}.Debug|x64.Build.0 = Debug|x64
		{CEA0295B-3328-4C76-8957-693BAD93C84A}.Release|Any CPU.ActiveCfg = Release|Any CPU
		{CEA0295B-3328-4C76-8957-693BAD93C84A}.Release|Any CPU.Build.0 = Release|Any CPU
		{CEA0295B-3328-4C76-8957-693BAD93C84A}.Release|x64.ActiveCfg = Release|x64
		{CEA0295B-3328-4C76-8957-693BAD93C84A}.Release|x64.Build.0 = Release|x64
		{6DE626F2-EAB1-4144-BDF9-ADD5F9DC41B4}.Debug|Any CPU.ActiveCfg = Debug|Any CPU
		{6DE626F2-EAB1-4144-BDF9-ADD5F9DC41B4}.Debug|Any CPU.Build.0 = Debug|Any CPU
		{6DE626F2-EAB1-4144-BDF9-ADD5F9DC41B4}.Debug|x64.ActiveCfg = Debug|x64
		{6DE626F2-EAB1-4144-BDF9-ADD5F9DC41B4}.Debug|x64.Build.0 = Debug|x64
		{6DE626F2-EAB1-4144-BDF9-ADD5F9DC41B4}.Release|Any CPU.ActiveCfg = Release|Any CPU
		{6DE626F2-EAB1-4144-BDF9-ADD5F9DC41B4}.Release|Any CPU.Build.0 = Release|Any CPU
		{6DE626F2-EAB1-4144-BDF9-ADD5F9DC41B4}.Release|x64.ActiveCfg = Release|x64
		{6DE626F2-EAB1-4144-BDF9-ADD5F9DC41B4}.Release|x64.Build.0 = Release|x64
	EndGlobalSection
	GlobalSection(SolutionProperties) = preSolution
		HideSolutionNode = FALSE
	EndGlobalSection
	GlobalSection(NestedProjects) = preSolution
		{B191D5FB-8A74-456F-A029-E51E0F8D4285} = {726E2997-2C79-4E75-991E-A9C19BC56D25}
		{AB1C729F-600C-4A2F-B5C3-368A672D3ECC} = {EF66AE6B-432B-41A4-9F17-F8D38838D75A}
		{BC5B3FE0-5F06-4B48-B791-2CD2460CF490} = {EF66AE6B-432B-41A4-9F17-F8D38838D75A}
		{36ED2B65-A2F9-4EFD-A230-C78ADD0AE9EB} = {EF66AE6B-432B-41A4-9F17-F8D38838D75A}
		{DB9428AE-77B4-4D12-8E4D-07E299AE5919} = {EF66AE6B-432B-41A4-9F17-F8D38838D75A}
		{AF54E19E-A644-4E05-A148-418FD5153E7D} = {EF66AE6B-432B-41A4-9F17-F8D38838D75A}
		{68ACF38E-79BD-4D29-8EFA-2744E270E20D} = {EF66AE6B-432B-41A4-9F17-F8D38838D75A}
		{8A61151D-1E90-4669-9CEF-8CC018496D1E} = {7CDC06B8-A43A-4DAC-A2BE-1512E409F853}
		{874A06AE-6D4D-48FD-887F-DDA9BE979F0A} = {7CDC06B8-A43A-4DAC-A2BE-1512E409F853}
		{6FBD900F-C309-4E12-8AF7-960BB8250247} = {7CDC06B8-A43A-4DAC-A2BE-1512E409F853}
		{E4831633-B3F6-4F0A-B90F-296833E3B6AD} = {7CDC06B8-A43A-4DAC-A2BE-1512E409F853}
		{F4E77877-1E73-405A-B3F6-9AD44E51DE55} = {7CDC06B8-A43A-4DAC-A2BE-1512E409F853}
		{97BF46E9-2ADA-4D13-80DE-EA66F4C1BCB3} = {7CDC06B8-A43A-4DAC-A2BE-1512E409F853}
		{CEA0295B-3328-4C76-8957-693BAD93C84A} = {D3F73C70-DC92-4DBA-A505-E14EB13F581A}
		{6DE626F2-EAB1-4144-BDF9-ADD5F9DC41B4} = {726E2997-2C79-4E75-991E-A9C19BC56D25}
	EndGlobalSection
	GlobalSection(ExtensibilityGlobals) = postSolution
		SolutionGuid = {95702CE6-1129-4E3A-864E-263B3FAF7129}
	EndGlobalSection
EndGlobal
